{
  "name": "rtl-relay",
  "version": "1.1.0",
  "lockfileVersion": 2,
  "requires": true,
  "packages": {
    "": {
      "name": "rtl-relay",
      "version": "1.1.0",
      "license": "MIT",
      "dependencies": {
        "syslog-server": "^1.0.1"
      }
    },
    "node_modules/syslog-server": {
      "version": "1.0.1",
      "resolved": "https://registry.npmjs.org/syslog-server/-/syslog-server-1.0.1.tgz",
      "integrity": "sha512-glm2z2dsewPUIpKnc9OQkUnQMNY+NsZT324bypMokAnwpWgb9/kzqq6p+Fsj3v0xlC+G3ubM70X/vzYPy1Yx6Q=="
    }
  },
  "dependencies": {
    "syslog-server": {
      "version": "1.0.1",
      "resolved": "https://registry.npmjs.org/syslog-server/-/syslog-server-1.0.1.tgz",
      "integrity": "sha512-glm2z2dsewPUIpKnc9OQkUnQMNY+NsZT324bypMokAnwpWgb9/kzqq6p+Fsj3v0xlC+G3ubM70X/vzYPy1Yx6Q=="
    }
  }
}
